
Microsoft Visual Studio Solution File, Format Version 12.00
# Visual Studio Version 17
VisualStudioVersion = 17.0.31903.59
MinimumVisualStudioVersion = 10.0.40219.1
Project("{9A19103F-16F7-4668-BE54-9A1E7A4F7556}") = "NpsPesquisa.Dashboard", "NpsPesquisa.Dashboard\NpsPesquisa.Dashboard.csproj", "{A2B64452-E8E9-427E-858B-74E5F28BA289}"
EndProject
Project("{9A19103F-16F7-4668-BE54-9A1E7A4F7556}") = "NpsPesquisa.Api", "NpsPesquisa.Api\NpsPesquisa.Api.csproj", "{20BE417A-3B67-454B-B8C7-2C1183AE68FE}"
EndProject
Project("{2150E333-8FDC-42A3-9474-1A3956D46DE8}") = "Solution Items", "Solution Items", "{45FE6B8A-ACF6-40F0-85F4-6C5A501A522C}"
	ProjectSection(SolutionItems) = preProject
		.editorconfig = .editorconfig
	EndProjectSection
EndProject
Project("{FAE04EC0-301F-11D3-BF4B-00C04F79EFBC}") = "NpsPesquisa.Front", "NpsPesquisa.Front\NpsPesquisa.Front.csproj", "{5C500841-63A3-404A-9890-2FA5984EA67C}"
EndProject
Global
	GlobalSection(SolutionConfigurationPlatforms) = preSolution
		Debug|Any CPU = Debug|Any CPU
		Release|Any CPU = Release|Any CPU
	EndGlobalSection
	GlobalSection(ProjectConfigurationPlatforms) = postSolution
		{A2B64452-E8E9-427E-858B-74E5F28BA289}.Debug|Any CPU.ActiveCfg = Debug|Any CPU
		{A2B64452-E8E9-427E-858B-74E5F28BA289}.Debug|Any CPU.Build.0 = Debug|Any CPU
		{A2B64452-E8E9-427E-858B-74E5F28BA289}.Release|Any CPU.ActiveCfg = Release|Any CPU
		{A2B64452-E8E9-427E-858B-74E5F28BA289}.Release|Any CPU.Build.0 = Release|Any CPU
		{20BE417A-3B67-454B-B8C7-2C1183AE68FE}.Debug|Any CPU.ActiveCfg = Debug|Any CPU
		{20BE417A-3B67-454B-B8C7-2C1183AE68FE}.Debug|Any CPU.Build.0 = Debug|Any CPU
		{20BE417A-3B67-454B-B8C7-2C1183AE68FE}.Release|Any CPU.ActiveCfg = Release|Any CPU
		{20BE417A-3B67-454B-B8C7-2C1183AE68FE}.Release|Any CPU.Build.0 = Release|Any CPU
		{5C500841-63A3-404A-9890-2FA5984EA67C}.Debug|Any CPU.ActiveCfg = Debug|Any CPU
		{5C500841-63A3-404A-9890-2FA5984EA67C}.Debug|Any CPU.Build.0 = Debug|Any CPU
		{5C500841-63A3-404A-9890-2FA5984EA67C}.Release|Any CPU.ActiveCfg = Release|Any CPU
		{5C500841-63A3-404A-9890-2FA5984EA67C}.Release|Any CPU.Build.0 = Release|Any CPU
	EndGlobalSection
	GlobalSection(SolutionProperties) = preSolution
		HideSolutionNode = FALSE
	EndGlobalSection
	GlobalSection(ExtensibilityGlobals) = postSolution
		SolutionGuid = {16166B9D-D217-4CF0-82CA-DCE8C4CDB281}
	EndGlobalSection
EndGlobal
